
Microsoft Visual Studio Solution File, Format Version 12.00
# Visual Studio Version 16
VisualStudioVersion = 16.0.29519.87
MinimumVisualStudioVersion = 10.0.40219.1
Project("{8BC9CEB8-8B4A-11D0-8D11-00A0C91BC942}") = "Лаба1", "Лаба1.vcxproj", "{D286A810-E300-4986-8175-8C549F95ACF5}"
EndProject
Global
	GlobalSection(SolutionConfigurationPlatforms) = preSolution
		Debug|x64 = Debug|x64
		Debug|x86 = Debug|x86
		Release|x64 = Release|x64
		Release|x86 = Release|x86
	EndGlobalSection
	GlobalSection(ProjectConfigurationPlatforms) = postSolution
		{D286A810-E300-4986-8175-8C549F95ACF5}.Debug|x64.ActiveCfg = Debug|x64
		{D286A810-E300-4986-8175-8C549F95ACF5}.Debug|x64.Build.0 = Debug|x64
		{D286A810-E300-4986-8175-8C549F95ACF5}.Debug|x86.ActiveCfg = Debug|Win32
		{D286A810-E300-4986-8175-8C549F95ACF5}.Debug|x86.Build.0 = Debug|Win32
		{D286A810-E300-4986-8175-8C549F95ACF5}.Release|x64.ActiveCfg = Release|x64
		{D286A810-E300-4986-8175-8C549F95ACF5}.Release|x64.Build.0 = Release|x64
		{D286A810-E300-4986-8175-8C549F95ACF5}.Release|x86.ActiveCfg = Release|Win32
		{D286A810-E300-4986-8175-8C549F95ACF5}.Release|x86.Build.0 = Release|Win32
	EndGlobalSection
	GlobalSection(SolutionProperties) = preSolution
		HideSolutionNode = FALSE
	EndGlobalSection
	GlobalSection(ExtensibilityGlobals) = postSolution
		SolutionGuid = {CF8645F3-3508-49B3-AA7F-FB9227D35F03}
	EndGlobalSection
EndGlobal
